# This file was autogenerated by Stack.
# You should not edit this file by hand.
# For more information, please see the documentation at:
#   https://docs.haskellstack.org/en/stable/lock_files

packages:
- completed:
    hackage: portable-lines-0.1@sha256:21c3b905888a4b43f957cd8e8cdf2af00942bb161aa19a6b20db18b661de0510,1552
    pantry-tree:
      size: 371
      sha256: 2eeb1d9aefe4fb172dc56baa75f09aaaac824799d926922b4673188293f9f95c
  original:
    hackage: portable-lines-0.1@sha256:21c3b905888a4b43f957cd8e8cdf2af00942bb161aa19a6b20db18b661de0510,1552
snapshots:
- completed:
    size: 617355
    url: https://raw.githubusercontent.com/commercialhaskell/stackage-snapshots/master/lts/19/1.yaml
    sha256: cbd5e8593869445794924668479b5bd9f1738d075898623dceacc13b2576b6e3
  original:
    url: https://raw.githubusercontent.com/commercialhaskell/stackage-snapshots/master/lts/19/1.yaml
